// !$*UTF8*$!
{
	archiveVersion = 1;
	classes = {
	};
	objectVersion = 55;
	objects = {

/* Begin PBXBuildFile section */
		00C7BB10474E76EE152F2AFC /* Pods_Flix.framework in Frameworks */ = {isa = PBXBuildFile; fileRef = 89045E2F27554FD74949A74B /* Pods_Flix.framework */; };
		D4DF8B5027B4450D00A3790B /* AppDelegate.swift in Sources */ = {isa = PBXBuildFile; fileRef = D4DF8B4F27B4450D00A3790B /* AppDelegate.swift */; };
		D4DF8B5227B4450D00A3790B /* SceneDelegate.swift in Sources */ = {isa = PBXBuildFile; fileRef = D4DF8B5127B4450D00A3790B /* SceneDelegate.swift */; };
		D4DF8B5427B4450D00A3790B /* ViewController.swift in Sources */ = {isa = PBXBuildFile; fileRef = D4DF8B5327B4450D00A3790B /* ViewController.swift */; };
		D4DF8B5727B4450D00A3790B /* Main.storyboard in Resources */ = {isa = PBXBuildFile; fileRef = D4DF8B5527B4450D00A3790B /* Main.storyboard */; };
		D4DF8B5927B4451100A3790B /* Assets.xcassets in Resources */ = {isa = PBXBuildFile; fileRef = D4DF8B5827B4451100A3790B /* Assets.xcassets */; };
		D4DF8B5C27B4451100A3790B /* LaunchScreen.storyboard in Resources */ = {isa = PBXBuildFile; fileRef = D4DF8B5A27B4451100A3790B /* LaunchScreen.storyboard */; };
		D4DF8B6727B4451100A3790B /* FlixTests.swift in Sources */ = {isa = PBXBuildFile; fileRef = D4DF8B6627B4451100A3790B /* FlixTests.swift */; };
		D4DF8B7127B4451100A3790B /* FlixUITests.swift in Sources */ = {isa = PBXBuildFile; fileRef = D4DF8B7027B4451100A3790B /* FlixUITests.swift */; };
		D4DF8B7327B4451100A3790B /* FlixUITestsLaunchTests.swift in Sources */ = {isa = PBXBuildFile; fileRef = D4DF8B7227B4451100A3790B /* FlixUITestsLaunchTests.swift */; };
		D4DF8B8027B449FD00A3790B /* MoviesViewController.swift in Sources */ = {isa = PBXBuildFile; fileRef = D4DF8B7F27B449FD00A3790B /* MoviesViewController.swift */; };
		D4DF8B8227B4B9D200A3790B /* MovieCell.swift in Sources */ = {isa = PBXBuildFile; fileRef = D4DF8B8127B4B9D200A3790B /* MovieCell.swift */; };
		D4DF8B8527B4C24E00A3790B /* AlamofireImage in Frameworks */ = {isa = PBXBuildFile; productRef = D4DF8B8427B4C24E00A3790B /* AlamofireImage */; };
		E048FD2129DFD2E5898C6561 /* Pods_Flix_FlixUITests.framework in Frameworks */ = {isa = PBXBuildFile; fileRef = DDF635A665B545479A52413A /* Pods_Flix_FlixUITests.framework */; };
		E8B41D332329E1D6A35A9768 /* Pods_FlixTests.framework in Frameworks */ = {isa = PBXBuildFile; fileRef = 2CB4D3F3E9BD3F00D1C15B6C /* Pods_FlixTests.framework */; };
/* End PBXBuildFile section */

/* Begin PBXContainerItemProxy section */
		D4DF8B6327B4451100A3790B /* PBXContainerItemProxy */ = {
			isa = PBXContainerItemProxy;
			containerPortal = D4DF8B4427B4450D00A3790B /* Project object */;
			proxyType = 1;
			remoteGlobalIDString = D4DF8B4B27B4450D00A3790B;
			remoteInfo = Flix;
		};
		D4DF8B6D27B4451100A3790B /* PBXContainerItemProxy */ = {
			isa = PBXContainerItemProxy;
			containerPortal = D4DF8B4427B4450D00A3790B /* Project object */;
			proxyType = 1;
			remoteGlobalIDString = D4DF8B4B27B4450D00A3790B;
			remoteInfo = Flix;
		};
/* End PBXContainerItemProxy section */

/* Begin PBXFileReference section */
		2CB4D3F3E9BD3F00D1C15B6C /* Pods_FlixTests.framework */ = {isa = PBXFileReference; explicitFileType = wrapper.framework; includeInIndex = 0; path = Pods_FlixTests.framework; sourceTree = BUILT_PRODUCTS_DIR; };
		32CA2FD60A3DCA7D1FA111EF /* Pods-Flix.release.xcconfig */ = {isa = PBXFileReference; includeInIndex = 1; lastKnownFileType = text.xcconfig; name = "Pods-Flix.release.xcconfig"; path = "Target Support Files/Pods-Flix/Pods-Flix.release.xcconfig"; sourceTree = "<group>"; };
		6EA2BD8F1CF6D559E25B8EBE /* Pods-Flix-FlixUITests.release.xcconfig */ = {isa = PBXFileReference; includeInIndex = 1; lastKnownFileType = text.xcconfig; name = "Pods-Flix-FlixUITests.release.xcconfig"; path = "Target Support Files/Pods-Flix-FlixUITests/Pods-Flix-FlixUITests.release.xcconfig"; sourceTree = "<group>"; };
		89045E2F27554FD74949A74B /* Pods_Flix.framework */ = {isa = PBXFileReference; explicitFileType = wrapper.framework; includeInIndex = 0; path = Pods_Flix.framework; sourceTree = BUILT_PRODUCTS_DIR; };
		9CA23188162E41E08A4A8D3A /* Pods-Flix-FlixUITests.debug.xcconfig */ = {isa = PBXFileReference; includeInIndex = 1; lastKnownFileType = text.xcconfig; name = "Pods-Flix-FlixUITests.debug.xcconfig"; path = "Target Support Files/Pods-Flix-FlixUITests/Pods-Flix-FlixUITests.debug.xcconfig"; sourceTree = "<group>"; };
		AB91E909409F5FB4F1CEAB82 /* Pods-FlixTests.debug.xcconfig */ = {isa = PBXFileReference; includeInIndex = 1; lastKnownFileType = text.xcconfig; name = "Pods-FlixTests.debug.xcconfig"; path = "Target Support Files/Pods-FlixTests/Pods-FlixTests.debug.xcconfig"; sourceTree = "<group>"; };
		B9740AA1BA0D5646AF6997B6 /* Pods-FlixTests.release.xcconfig */ = {isa = PBXFileReference; includeInIndex = 1; lastKnownFileType = text.xcconfig; name = "Pods-FlixTests.release.xcconfig"; path = "Target Support Files/Pods-FlixTests/Pods-FlixTests.release.xcconfig"; sourceTree = "<group>"; };
		D4DF8B4C27B4450D00A3790B /* Flix.app */ = {isa = PBXFileReference; explicitFileType = wrapper.application; includeInIndex = 0; path = Flix.app; sourceTree = BUILT_PRODUCTS_DIR; };
		D4DF8B4F27B4450D00A3790B /* AppDelegate.swift */ = {isa = PBXFileReference; lastKnownFileType = sourcecode.swift; path = AppDelegate.swift; sourceTree = "<group>"; };
		D4DF8B5127B4450D00A3790B /* SceneDelegate.swift */ = {isa = PBXFileReference; lastKnownFileType = sourcecode.swift; path = SceneDelegate.swift; sourceTree = "<group>"; };
		D4DF8B5327B4450D00A3790B /* ViewController.swift */ = {isa = PBXFileReference; lastKnownFileType = sourcecode.swift; path = ViewController.swift; sourceTree = "<group>"; };
		D4DF8B5627B4450D00A3790B /* Base */ = {isa = PBXFileReference; lastKnownFileType = file.storyboard; name = Base; path = Base.lproj/Main.storyboard; sourceTree = "<group>"; };
		D4DF8B5827B4451100A3790B /* Assets.xcassets */ = {isa = PBXFileReference; lastKnownFileType = folder.assetcatalog; path = Assets.xcassets; sourceTree = "<group>"; };
		D4DF8B5B27B4451100A3790B /* Base */ = {isa = PBXFileReference; lastKnownFileType = file.storyboard; name = Base; path = Base.lproj/LaunchScreen.storyboard; sourceTree = "<group>"; };
		D4DF8B5D27B4451100A3790B /* Info.plist */ = {isa = PBXFileReference; lastKnownFileType = text.plist.xml; path = Info.plist; sourceTree = "<group>"; };
		D4DF8B6227B4451100A3790B /* FlixTests.xctest */ = {isa = PBXFileReference; explicitFileType = wrapper.cfbundle; includeInIndex = 0; path = FlixTests.xctest; sourceTree = BUILT_PRODUCTS_DIR; };
		D4DF8B6627B4451100A3790B /* FlixTests.swift */ = {isa = PBXFileReference; lastKnownFileType = sourcecode.swift; path = FlixTests.swift; sourceTree = "<group>"; };
		D4DF8B6C27B4451100A3790B /* FlixUITests.xctest */ = {isa = PBXFileReference; explicitFileType = wrapper.cfbundle; includeInIndex = 0; path = FlixUITests.xctest; sourceTree = BUILT_PRODUCTS_DIR; };
		D4DF8B7027B4451100A3790B /* FlixUITests.swift */ = {isa = PBXFileReference; lastKnownFileType = sourcecode.swift; path = FlixUITests.swift; sourceTree = "<group>"; };
		D4DF8B7227B4451100A3790B /* FlixUITestsLaunchTests.swift */ = {isa = PBXFileReference; lastKnownFileType = sourcecode.swift; path = FlixUITestsLaunchTests.swift; sourceTree = "<group>"; };
		D4DF8B7F27B449FD00A3790B /* MoviesViewController.swift */ = {isa = PBXFileReference; lastKnownFileType = sourcecode.swift; path = MoviesViewController.swift; sourceTree = "<group>"; };
		D4DF8B8127B4B9D200A3790B /* MovieCell.swift */ = {isa = PBXFileReference; lastKnownFileType = sourcecode.swift; path = MovieCell.swift; sourceTree = "<group>"; };
		DDF635A665B545479A52413A /* Pods_Flix_FlixUITests.framework */ = {isa = PBXFileReference; explicitFileType = wrapper.framework; includeInIndex = 0; path = Pods_Flix_FlixUITests.framework; sourceTree = BUILT_PRODUCTS_DIR; };
		F4E0B72CFD7B4987BE824C48 /* Pods-Flix.debug.xcconfig */ = {isa = PBXFileReference; includeInIndex = 1; lastKnownFileType = text.xcconfig; name = "Pods-Flix.debug.xcconfig"; path = "Target Support Files/Pods-Flix/Pods-Flix.debug.xcconfig"; sourceTree = "<group>"; };
/* End PBXFileReference section */

/* Begin PBXFrameworksBuildPhase section */
		D4DF8B4927B4450D00A3790B /* Frameworks */ = {
			isa = PBXFrameworksBuildPhase;
			buildActionMask = 2147483647;
			files = (
				D4DF8B8527B4C24E00A3790B /* AlamofireImage in Frameworks */,
				00C7BB10474E76EE152F2AFC /* Pods_Flix.framework in Frameworks */,
			);
			runOnlyForDeploymentPostprocessing = 0;
		};
		D4DF8B5F27B4451100A3790B /* Frameworks */ = {
			isa = PBXFrameworksBuildPhase;
			buildActionMask = 2147483647;
			files = (
				E8B41D332329E1D6A35A9768 /* Pods_FlixTests.framework in Frameworks */,
			);
			runOnlyForDeploymentPostprocessing = 0;
		};
		D4DF8B6927B4451100A3790B /* Frameworks */ = {
			isa = PBXFrameworksBuildPhase;
			buildActionMask = 2147483647;
			files = (
				E048FD2129DFD2E5898C6561 /* Pods_Flix_FlixUITests.framework in Frameworks */,
			);
			runOnlyForDeploymentPostprocessing = 0;
		};
/* End PBXFrameworksBuildPhase section */

/* Begin PBXGroup section */
		C4699B5946784BE3A850170D /* Frameworks */ = {
			isa = PBXGroup;
			children = (
				89045E2F27554FD74949A74B /* Pods_Flix.framework */,
				DDF635A665B545479A52413A /* Pods_Flix_FlixUITests.framework */,
				2CB4D3F3E9BD3F00D1C15B6C /* Pods_FlixTests.framework */,
			);
			name = Frameworks;
			sourceTree = "<group>";
		};
		D4DF8B4327B4450D00A3790B = {
			isa = PBXGroup;
			children = (
				D4DF8B4E27B4450D00A3790B /* Flix */,
				D4DF8B6527B4451100A3790B /* FlixTests */,
				D4DF8B6F27B4451100A3790B /* FlixUITests */,
				D4DF8B4D27B4450D00A3790B /* Products */,
				EFE5C3D2CA02659B100D3E61 /* Pods */,
				C4699B5946784BE3A850170D /* Frameworks */,
			);
			sourceTree = "<group>";
		};
		D4DF8B4D27B4450D00A3790B /* Products */ = {
			isa = PBXGroup;
			children = (
				D4DF8B4C27B4450D00A3790B /* Flix.app */,
				D4DF8B6227B4451100A3790B /* FlixTests.xctest */,
				D4DF8B6C27B4451100A3790B /* FlixUITests.xctest */,
			);
			name = Products;
			sourceTree = "<group>";
		};
		D4DF8B4E27B4450D00A3790B /* Flix */ = {
			isa = PBXGroup;
			children = (
				D4DF8B4F27B4450D00A3790B /* AppDelegate.swift */,
				D4DF8B5127B4450D00A3790B /* SceneDelegate.swift */,
				D4DF8B5327B4450D00A3790B /* ViewController.swift */,
				D4DF8B5527B4450D00A3790B /* Main.storyboard */,
				D4DF8B5827B4451100A3790B /* Assets.xcassets */,
				D4DF8B5A27B4451100A3790B /* LaunchScreen.storyboard */,
				D4DF8B5D27B4451100A3790B /* Info.plist */,
				D4DF8B7F27B449FD00A3790B /* MoviesViewController.swift */,
				D4DF8B8127B4B9D200A3790B /* MovieCell.swift */,
			);
			path = Flix;
			sourceTree = "<group>";
		};
		D4DF8B6527B4451100A3790B /* FlixTests */ = {
			isa = PBXGroup;
			children = (
				D4DF8B6627B4451100A3790B /* FlixTests.swift */,
			);
			path = FlixTests;
			sourceTree = "<group>";
		};
		D4DF8B6F27B4451100A3790B /* FlixUITests */ = {
			isa = PBXGroup;
			children = (
				D4DF8B7027B4451100A3790B /* FlixUITests.swift */,
				D4DF8B7227B4451100A3790B /* FlixUITestsLaunchTests.swift */,
			);
			path = FlixUITests;
			sourceTree = "<group>";
		};
		EFE5C3D2CA02659B100D3E61 /* Pods */ = {
			isa = PBXGroup;
			children = (
				F4E0B72CFD7B4987BE824C48 /* Pods-Flix.debug.xcconfig */,
				32CA2FD60A3DCA7D1FA111EF /* Pods-Flix.release.xcconfig */,
				9CA23188162E41E08A4A8D3A /* Pods-Flix-FlixUITests.debug.xcconfig */,
				6EA2BD8F1CF6D559E25B8EBE /* Pods-Flix-FlixUITests.release.xcconfig */,
				AB91E909409F5FB4F1CEAB82 /* Pods-FlixTests.debug.xcconfig */,
				B9740AA1BA0D5646AF6997B6 /* Pods-FlixTests.release.xcconfig */,
			);
			name = Pods;
			path = Pods;
			sourceTree = "<group>";
		};
/* End PBXGroup section */

/* Begin PBXNativeTarget section */
		D4DF8B4B27B4450D00A3790B /* Flix */ = {
			isa = PBXNativeTarget;
			buildConfigurationList = D4DF8B7627B4451100A3790B /* Build configuration list for PBXNativeTarget "Flix" */;
			buildPhases = (
				5925C9CEB70E2A6D7BD16265 /* [CP] Check Pods Manifest.lock */,
				D4DF8B4827B4450D00A3790B /* Sources */,
				D4DF8B4927B4450D00A3790B /* Frameworks */,
				D4DF8B4A27B4450D00A3790B /* Resources */,
				0D792A22C9D4CA467C63CD4E /* [CP] Embed Pods Frameworks */,
			);
			buildRules = (
			);
			dependencies = (
			);
			name = Flix;
			packageProductDependencies = (
				D4DF8B8427B4C24E00A3790B /* AlamofireImage */,
			);
			productName = Flix;
			productReference = D4DF8B4C27B4450D00A3790B /* Flix.app */;
			productType = "com.apple.product-type.application";
		};
		D4DF8B6127B4451100A3790B /* FlixTests */ = {
			isa = PBXNativeTarget;
			buildConfigurationList = D4DF8B7927B4451100A3790B /* Build configuration list for PBXNativeTarget "FlixTests" */;
			buildPhases = (
				E87E39B789D83E46E0250C73 /* [CP] Check Pods Manifest.lock */,
				D4DF8B5E27B4451100A3790B /* Sources */,
				D4DF8B5F27B4451100A3790B /* Frameworks */,
				D4DF8B6027B4451100A3790B /* Resources */,
			);
			buildRules = (
			);
			dependencies = (
				D4DF8B6427B4451100A3790B /* PBXTargetDependency */,
			);
			name = FlixTests;
			productName = FlixTests;
			productReference = D4DF8B6227B4451100A3790B /* FlixTests.xctest */;
			productType = "com.apple.product-type.bundle.unit-test";
		};
		D4DF8B6B27B4451100A3790B /* FlixUITests */ = {
			isa = PBXNativeTarget;
			buildConfigurationList = D4DF8B7C27B4451100A3790B /* Build configuration list for PBXNativeTarget "FlixUITests" */;
			buildPhases = (
				23CF9DA282ECCABA03ED3158 /* [CP] Check Pods Manifest.lock */,
				D4DF8B6827B4451100A3790B /* Sources */,
				D4DF8B6927B4451100A3790B /* Frameworks */,
				D4DF8B6A27B4451100A3790B /* Resources */,
				1938E7BCE9CDD3F17BDBEE8F /* [CP] Embed Pods Frameworks */,
			);
			buildRules = (
			);
			dependencies = (
				D4DF8B6E27B4451100A3790B /* PBXTargetDependency */,
			);
			name = FlixUITests;
			productName = FlixUITests;
			productReference = D4DF8B6C27B4451100A3790B /* FlixUITests.xctest */;
			productType = "com.apple.product-type.bundle.ui-testing";
		};
/* End PBXNativeTarget section */

/* Begin PBXProject section */
		D4DF8B4427B4450D00A3790B /* Project object */ = {
			isa = PBXProject;
			attributes = {
				BuildIndependentTargetsInParallel = 1;
				LastSwiftUpdateCheck = 1320;
				LastUpgradeCheck = 1320;
				TargetAttributes = {
					D4DF8B4B27B4450D00A3790B = {
						CreatedOnToolsVersion = 13.2.1;
					};
					D4DF8B6127B4451100A3790B = {
						CreatedOnToolsVersion = 13.2.1;
						TestTargetID = D4DF8B4B27B4450D00A3790B;
					};
					D4DF8B6B27B4451100A3790B = {
						CreatedOnToolsVersion = 13.2.1;
						TestTargetID = D4DF8B4B27B4450D00A3790B;
					};
				};
			};
			buildConfigurationList = D4DF8B4727B4450D00A3790B /* Build configuration list for PBXProject "Flix" */;
			compatibilityVersion = "Xcode 13.0";
			developmentRegion = en;
			hasScannedForEncodings = 0;
			knownRegions = (
				en,
				Base,
			);
			mainGroup = D4DF8B4327B4450D00A3790B;
			packageReferences = (
				D4DF8B8327B4C24E00A3790B /* XCRemoteSwiftPackageReference "AlamofireImage" */,
			);
			productRefGroup = D4DF8B4D27B4450D00A3790B /* Products */;
			projectDirPath = "";
			projectRoot = "";
			targets = (
				D4DF8B4B27B4450D00A3790B /* Flix */,
				D4DF8B6127B4451100A3790B /* FlixTests */,
				D4DF8B6B27B4451100A3790B /* FlixUITests */,
			);
		};
/* End PBXProject section */

/* Begin PBXResourcesBuildPhase section */
		D4DF8B4A27B4450D00A3790B /* Resources */ = {
			isa = PBXResourcesBuildPhase;
			buildActionMask = 2147483647;
			files = (
				D4DF8B5C27B4451100A3790B /* LaunchScreen.storyboard in Resources */,
				D4DF8B5927B4451100A3790B /* Assets.xcassets in Resources */,
				D4DF8B5727B4450D00A3790B /* Main.storyboard in Resources */,
			);
			runOnlyForDeploymentPostprocessing = 0;
		};
		D4DF8B6027B4451100A3790B /* Resources */ = {
			isa = PBXResourcesBuildPhase;
			buildActionMask = 2147483647;
			files = (
			);
			runOnlyForDeploymentPostprocessing = 0;
		};
		D4DF8B6A27B4451100A3790B /* Resources */ = {
			isa = PBXResourcesBuildPhase;
			buildActionMask = 2147483647;
			files = (
			);
			runOnlyForDeploymentPostprocessing = 0;
		};
/* End PBXResourcesBuildPhase section */

/* Begin PBXShellScriptBuildPhase section */
		0D792A22C9D4CA467C63CD4E /* [CP] Embed Pods Frameworks */ = {
			isa = PBXShellScriptBuildPhase;
			buildActionMask = 2147483647;
			files = (
			);
			inputFileListPaths = (
				"${PODS_ROOT}/Target Support Files/Pods-Flix/Pods-Flix-frameworks-${CONFIGURATION}-input-files.xcfilelist",
			);
			name = "[CP] Embed Pods Frameworks";
			outputFileListPaths = (
				"${PODS_ROOT}/Target Support Files/Pods-Flix/Pods-Flix-frameworks-${CONFIGURATION}-output-files.xcfilelist",
			);
			runOnlyForDeploymentPostprocessing = 0;
			shellPath = /bin/sh;
			shellScript = "\"${PODS_ROOT}/Target Support Files/Pods-Flix/Pods-Flix-frameworks.sh\"\n";
			showEnvVarsInLog = 0;
		};
		1938E7BCE9CDD3F17BDBEE8F /* [CP] Embed Pods Frameworks */ = {
			isa = PBXShellScriptBuildPhase;
			buildActionMask = 2147483647;
			files = (
			);
			inputFileListPaths = (
				"${PODS_ROOT}/Target Support Files/Pods-Flix-FlixUITests/Pods-Flix-FlixUITests-frameworks-${CONFIGURATION}-input-files.xcfilelist",
			);
			name = "[CP] Embed Pods Frameworks";
			outputFileListPaths = (
				"${PODS_ROOT}/Target Support Files/Pods-Flix-FlixUITests/Pods-Flix-FlixUITests-frameworks-${CONFIGURATION}-output-files.xcfilelist",
			);
			runOnlyForDeploymentPostprocessing = 0;
			shellPath = /bin/sh;
			shellScript = "\"${PODS_ROOT}/Target Support Files/Pods-Flix-FlixUITests/Pods-Flix-FlixUITests-frameworks.sh\"\n";
			showEnvVarsInLog = 0;
		};
		23CF9DA282ECCABA03ED3158 /* [CP] Check Pods Manifest.lock */ = {
			isa = PBXShellScriptBuildPhase;
			buildActionMask = 2147483647;
			files = (
			);
			inputFileListPaths = (
			);
			inputPaths = (
				"${PODS_PODFILE_DIR_PATH}/Podfile.lock",
				"${PODS_ROOT}/Manifest.lock",
			);
			name = "[CP] Check Pods Manifest.lock";
			outputFileListPaths = (
			);
			outputPaths = (
				"$(DERIVED_FILE_DIR)/Pods-Flix-FlixUITests-checkManifestLockResult.txt",
			);
			runOnlyForDeploymentPostprocessing = 0;
			shellPath = /bin/sh;
			shellScript = "diff \"${PODS_PODFILE_DIR_PATH}/Podfile.lock\" \"${PODS_ROOT}/Manifest.lock\" > /dev/null\nif [ $? != 0 ] ; then\n    # print error to STDERR\n    echo \"error: The sandbox is not in sync with the Podfile.lock. Run 'pod install' or update your CocoaPods installation.\" >&2\n    exit 1\nfi\n# This output is used by Xcode 'outputs' to avoid re-running this script phase.\necho \"SUCCESS\" > \"${SCRIPT_OUTPUT_FILE_0}\"\n";
			showEnvVarsInLog = 0;
		};
		5925C9CEB70E2A6D7BD16265 /* [CP] Check Pods Manifest.lock */ = {
			isa = PBXShellScriptBuildPhase;
			buildActionMask = 2147483647;
			files = (
			);
			inputFileListPaths = (
			);
			inputPaths = (
				"${PODS_PODFILE_DIR_PATH}/Podfile.lock",
				"${PODS_ROOT}/Manifest.lock",
			);
			name = "[CP] Check Pods Manifest.lock";
			outputFileListPaths = (
			);
			outputPaths = (
				"$(DERIVED_FILE_DIR)/Pods-Flix-checkManifestLockResult.txt",
			);
			runOnlyForDeploymentPostprocessing = 0;
			shellPath = /bin/sh;
			shellScript = "diff \"${PODS_PODFILE_DIR_PATH}/Podfile.lock\" \"${PODS_ROOT}/Manifest.lock\" > /dev/null\nif [ $? != 0 ] ; then\n    # print error to STDERR\n    echo \"error: The sandbox is not in sync with the Podfile.lock. Run 'pod install' or update your CocoaPods installation.\" >&2\n    exit 1\nfi\n# This output is used by Xcode 'outputs' to avoid re-running this script phase.\necho \"SUCCESS\" > \"${SCRIPT_OUTPUT_FILE_0}\"\n";
			showEnvVarsInLog = 0;
		};
		E87E39B789D83E46E0250C73 /* [CP] Check Pods Manifest.lock */ = {
			isa = PBXShellScriptBuildPhase;
			buildActionMask = 2147483647;
			files = (
			);
			inputFileListPaths = (
			);
			inputPaths = (
				"${PODS_PODFILE_DIR_PATH}/Podfile.lock",
				"${PODS_ROOT}/Manifest.lock",
			);
			name = "[CP] Check Pods Manifest.lock";
			outputFileListPaths = (
			);
			outputPaths = (
				"$(DERIVED_FILE_DIR)/Pods-FlixTests-checkManifestLockResult.txt",
			);
			runOnlyForDeploymentPostprocessing = 0;
			shellPath = /bin/sh;
			shellScript = "diff \"${PODS_PODFILE_DIR_PATH}/Podfile.lock\" \"${PODS_ROOT}/Manifest.lock\" > /dev/null\nif [ $? != 0 ] ; then\n    # print error to STDERR\n    echo \"error: The sandbox is not in sync with the Podfile.lock. Run 'pod install' or update your CocoaPods installation.\" >&2\n    exit 1\nfi\n# This output is used by Xcode 'outputs' to avoid re-running this script phase.\necho \"SUCCESS\" > \"${SCRIPT_OUTPUT_FILE_0}\"\n";
			showEnvVarsInLog = 0;
		};
/* End PBXShellScriptBuildPhase section */

/* Begin PBXSourcesBuildPhase section */
		D4DF8B4827B4450D00A3790B /* Sources */ = {
			isa = PBXSourcesBuildPhase;
			buildActionMask = 2147483647;
			files = (
				D4DF8B5427B4450D00A3790B /* ViewController.swift in Sources */,
				D4DF8B5027B4450D00A3790B /* AppDelegate.swift in Sources */,
				D4DF8B5227B4450D00A3790B /* SceneDelegate.swift in Sources */,
				D4DF8B8227B4B9D200A3790B /* MovieCell.swift in Sources */,
				D4DF8B8027B449FD00A3790B /* MoviesViewController.swift in Sources */,
			);
			runOnlyForDeploymentPostprocessing = 0;
		};
		D4DF8B5E27B4451100A3790B /* Sources */ = {
			isa = PBXSourcesBuildPhase;
			buildActionMask = 2147483647;
			files = (
				D4DF8B6727B4451100A3790B /* FlixTests.swift in Sources */,
			);
			runOnlyForDeploymentPostprocessing = 0;
		};
		D4DF8B6827B4451100A3790B /* Sources */ = {
			isa = PBXSourcesBuildPhase;
			buildActionMask = 2147483647;
			files = (
				D4DF8B7127B4451100A3790B /* FlixUITests.swift in Sources */,
				D4DF8B7327B4451100A3790B /* FlixUITestsLaunchTests.swift in Sources */,
			);
			runOnlyForDeploymentPostprocessing = 0;
		};
/* End PBXSourcesBuildPhase section */

/* Begin PBXTargetDependency section */
		D4DF8B6427B4451100A3790B /* PBXTargetDependency */ = {
			isa = PBXTargetDependency;
			target = D4DF8B4B27B4450D00A3790B /* Flix */;
			targetProxy = D4DF8B6327B4451100A3790B /* PBXContainerItemProxy */;
		};
		D4DF8B6E27B4451100A3790B /* PBXTargetDependency */ = {
			isa = PBXTargetDependency;
			target = D4DF8B4B27B4450D00A3790B /* Flix */;
			targetProxy = D4DF8B6D27B4451100A3790B /* PBXContainerItemProxy */;
		};
/* End PBXTargetDependency section */

/* Begin PBXVariantGroup section */
		D4DF8B5527B4450D00A3790B /* Main.storyboard */ = {
			isa = PBXVariantGroup;
			children = (
				D4DF8B5627B4450D00A3790B /* Base */,
			);
			name = Main.storyboard;
			sourceTree = "<group>";
		};
		D4DF8B5A27B4451100A3790B /* LaunchScreen.storyboard */ = {
			isa = PBXVariantGroup;
			children = (
				D4DF8B5B27B4451100A3790B /* Base */,
			);
			name = LaunchScreen.storyboard;
			sourceTree = "<group>";
		};
/* End PBXVariantGroup section */

/* Begin XCBuildConfiguration section */
		D4DF8B7427B4451100A3790B /* Debug */ = {
			isa = XCBuildConfiguration;
			buildSettings = {
				ALWAYS_SEARCH_USER_PATHS = NO;
				CLANG_ANALYZER_NONNULL = YES;
				CLANG_ANALYZER_NUMBER_OBJECT_CONVERSION = YES_AGGRESSIVE;
				CLANG_CXX_LANGUAGE_STANDARD = "gnu++17";
				CLANG_CXX_LIBRARY = "libc++";
				CLANG_ENABLE_MODULES = YES;
				CLANG_ENABLE_OBJC_ARC = YES;
				CLANG_ENABLE_OBJC_WEAK = YES;
				CLANG_WARN_BLOCK_CAPTURE_AUTORELEASING = YES;
				CLANG_WARN_BOOL_CONVERSION = YES;
				CLANG_WARN_COMMA = YES;
				CLANG_WARN_CONSTANT_CONVERSION = YES;
				CLANG_WARN_DEPRECATED_OBJC_IMPLEMENTATIONS = YES;
				CLANG_WARN_DIRECT_OBJC_ISA_USAGE = YES_ERROR;
				CLANG_WARN_DOCUMENTATION_COMMENTS = YES;
				CLANG_WARN_EMPTY_BODY = YES;
				CLANG_WARN_ENUM_CONVERSION = YES;
				CLANG_WARN_INFINITE_RECURSION = YES;
				CLANG_WARN_INT_CONVERSION = YES;
				CLANG_WARN_NON_LITERAL_NULL_CONVERSION = YES;
				CLANG_WARN_OBJC_IMPLICIT_RETAIN_SELF = YES;
				CLANG_WARN_OBJC_LITERAL_CONVERSION = YES;
				CLANG_WARN_OBJC_ROOT_CLASS = YES_ERROR;
				CLANG_WARN_QUOTED_INCLUDE_IN_FRAMEWORK_HEADER = YES;
				CLANG_WARN_RANGE_LOOP_ANALYSIS = YES;
				CLANG_WARN_STRICT_PROTOTYPES = YES;
				CLANG_WARN_SUSPICIOUS_MOVE = YES;
				CLANG_WARN_UNGUARDED_AVAILABILITY = YES_AGGRESSIVE;
				CLANG_WARN_UNREACHABLE_CODE = YES;
				CLANG_WARN__DUPLICATE_METHOD_MATCH = YES;
				COPY_PHASE_STRIP = NO;
				DEBUG_INFORMATION_FORMAT = dwarf;
				ENABLE_STRICT_OBJC_MSGSEND = YES;
				ENABLE_TESTABILITY = YES;
				GCC_C_LANGUAGE_STANDARD = gnu11;
				GCC_DYNAMIC_NO_PIC = NO;
				GCC_NO_COMMON_BLOCKS = YES;
				GCC_OPTIMIZATION_LEVEL = 0;
				GCC_PREPROCESSOR_DEFINITIONS = (
					"DEBUG=1",
					"$(inherited)",
				);
				GCC_WARN_64_TO_32_BIT_CONVERSION = YES;
				GCC_WARN_ABOUT_RETURN_TYPE = YES_ERROR;
				GCC_WARN_UNDECLARED_SELECTOR = YES;
				GCC_WARN_UNINITIALIZED_AUTOS = YES_AGGRESSIVE;
				GCC_WARN_UNUSED_FUNCTION = YES;
				GCC_WARN_UNUSED_VARIABLE = YES;
				IPHONEOS_DEPLOYMENT_TARGET = 15.2;
				MTL_ENABLE_DEBUG_INFO = INCLUDE_SOURCE;
				MTL_FAST_MATH = YES;
				ONLY_ACTIVE_ARCH = YES;
				SDKROOT = iphoneos;
				SWIFT_ACTIVE_COMPILATION_CONDITIONS = DEBUG;
				SWIFT_OPTIMIZATION_LEVEL = "-Onone";
			};
			name = Debug;
		};
		D4DF8B7527B4451100A3790B /* Release */ = {
			isa = XCBuildConfiguration;
			buildSettings = {
				ALWAYS_SEARCH_USER_PATHS = NO;
				CLANG_ANALYZER_NONNULL = YES;
				CLANG_ANALYZER_NUMBER_OBJECT_CONVERSION = YES_AGGRESSIVE;
				CLANG_CXX_LANGUAGE_STANDARD = "gnu++17";
				CLANG_CXX_LIBRARY = "libc++";
				CLANG_ENABLE_MODULES = YES;
				CLANG_ENABLE_OBJC_ARC = YES;
				CLANG_ENABLE_OBJC_WEAK = YES;
				CLANG_WARN_BLOCK_CAPTURE_AUTORELEASING = YES;
				CLANG_WARN_BOOL_CONVERSION = YES;
				CLANG_WARN_COMMA = YES;
				CLANG_WARN_CONSTANT_CONVERSION = YES;
				CLANG_WARN_DEPRECATED_OBJC_IMPLEMENTATIONS = YES;
				CLANG_WARN_DIRECT_OBJC_ISA_USAGE = YES_ERROR;
				CLANG_WARN_DOCUMENTATION_COMMENTS = YES;
				CLANG_WARN_EMPTY_BODY = YES;
				CLANG_WARN_ENUM_CONVERSION = YES;
				CLANG_WARN_INFINITE_RECURSION = YES;
				CLANG_WARN_INT_CONVERSION = YES;
				CLANG_WARN_NON_LITERAL_NULL_CONVERSION = YES;
				CLANG_WARN_OBJC_IMPLICIT_RETAIN_SELF = YES;
				CLANG_WARN_OBJC_LITERAL_CONVERSION = YES;
				CLANG_WARN_OBJC_ROOT_CLASS = YES_ERROR;
				CLANG_WARN_QUOTED_INCLUDE_IN_FRAMEWORK_HEADER = YES;
				CLANG_WARN_RANGE_LOOP_ANALYSIS = YES;
				CLANG_WARN_STRICT_PROTOTYPES = YES;
				CLANG_WARN_SUSPICIOUS_MOVE = YES;
				CLANG_WARN_UNGUARDED_AVAILABILITY = YES_AGGRESSIVE;
				CLANG_WARN_UNREACHABLE_CODE = YES;
				CLANG_WARN__DUPLICATE_METHOD_MATCH = YES;
				COPY_PHASE_STRIP = NO;
				DEBUG_INFORMATION_FORMAT = "dwarf-with-dsym";
				ENABLE_NS_ASSERTIONS = NO;
				ENABLE_STRICT_OBJC_MSGSEND = YES;
				GCC_C_LANGUAGE_STANDARD = gnu11;
				GCC_NO_COMMON_BLOCKS = YES;
				GCC_WARN_64_TO_32_BIT_CONVERSION = YES;
				GCC_WARN_ABOUT_RETURN_TYPE = YES_ERROR;
				GCC_WARN_UNDECLARED_SELECTOR = YES;
				GCC_WARN_UNINITIALIZED_AUTOS = YES_AGGRESSIVE;
				GCC_WARN_UNUSED_FUNCTION = YES;
				GCC_WARN_UNUSED_VARIABLE = YES;
				IPHONEOS_DEPLOYMENT_TARGET = 15.2;
				MTL_ENABLE_DEBUG_INFO = NO;
				MTL_FAST_MATH = YES;
				SDKROOT = iphoneos;
				SWIFT_COMPILATION_MODE = wholemodule;
				SWIFT_OPTIMIZATION_LEVEL = "-O";
				VALIDATE_PRODUCT = YES;
			};
			name = Release;
		};
		D4DF8B7727B4451100A3790B /* Debug */ = {
			isa = XCBuildConfiguration;
			baseConfigurationReference = F4E0B72CFD7B4987BE824C48 /* Pods-Flix.debug.xcconfig */;
			buildSettings = {
				ASSETCATALOG_COMPILER_APPICON_NAME = AppIcon;
				ASSETCATALOG_COMPILER_GLOBAL_ACCENT_COLOR_NAME = AccentColor;
				CODE_SIGN_STYLE = Automatic;
				CURRENT_PROJECT_VERSION = 1;
				GENERATE_INFOPLIST_FILE = YES;
				INFOPLIST_FILE = Flix/Info.plist;
				INFOPLIST_KEY_UIApplicationSupportsIndirectInputEvents = YES;
				INFOPLIST_KEY_UILaunchStoryboardName = LaunchScreen;
				INFOPLIST_KEY_UIMainStoryboardFile = Main;
				INFOPLIST_KEY_UISupportedInterfaceOrientations_iPad = "UIInterfaceOrientationPortrait UIInterfaceOrientationPortraitUpsideDown UIInterfaceOrientationLandscapeLeft UIInterfaceOrientationLandscapeRight";
				INFOPLIST_KEY_UISupportedInterfaceOrientations_iPhone = "UIInterfaceOrientationPortrait UIInterfaceOrientationLandscapeLeft UIInterfaceOrientationLandscapeRight";
				LD_RUNPATH_SEARCH_PATHS = (
					"$(inherited)",
					"@executable_path/Frameworks",
				);
				MARKETING_VERSION = 1.0;
				PRODUCT_BUNDLE_IDENTIFIER = memo.com.Flix;
				PRODUCT_NAME = "$(TARGET_NAME)";
				SWIFT_EMIT_LOC_STRINGS = YES;
				SWIFT_VERSION = 5.0;
				TARGETED_DEVICE_FAMILY = "1,2";
			};
			name = Debug;
		};
		D4DF8B7827B4451100A3790B /* Release */ = {
			isa = XCBuildConfiguration;
			baseConfigurationReference = 32CA2FD60A3DCA7D1FA111EF /* Pods-Flix.release.xcconfig */;
			buildSettings = {
				ASSETCATALOG_COMPILER_APPICON_NAME = AppIcon;
				ASSETCATALOG_COMPILER_GLOBAL_ACCENT_COLOR_NAME = AccentColor;
				CODE_SIGN_STYLE = Automatic;
				CURRENT_PROJECT_VERSION = 1;
				GENERATE_INFOPLIST_FILE = YES;
				INFOPLIST_FILE = Flix/Info.plist;
				INFOPLIST_KEY_UIApplicationSupportsIndirectInputEvents = YES;
				INFOPLIST_KEY_UILaunchStoryboardName = LaunchScreen;
				INFOPLIST_KEY_UIMainStoryboardFile = Main;
				INFOPLIST_KEY_UISupportedInterfaceOrientations_iPad = "UIInterfaceOrientationPortrait UIInterfaceOrientationPortraitUpsideDown UIInterfaceOrientationLandscapeLeft UIInterfaceOrientationLandscapeRight";
				INFOPLIST_KEY_UISupportedInterfaceOrientations_iPhone = "UIInterfaceOrientationPortrait UIInterfaceOrientationLandscapeLeft UIInterfaceOrientationLandscapeRight";
				LD_RUNPATH_SEARCH_PATHS = (
					"$(inherited)",
					"@executable_path/Frameworks",
				);
				MARKETING_VERSION = 1.0;
				PRODUCT_BUNDLE_IDENTIFIER = memo.com.Flix;
				PRODUCT_NAME = "$(TARGET_NAME)";
				SWIFT_EMIT_LOC_STRINGS = YES;
				SWIFT_VERSION = 5.0;
				TARGETED_DEVICE_FAMILY = "1,2";
			};
			name = Release;
		};
		D4DF8B7A27B4451100A3790B /* Debug */ = {
			isa = XCBuildConfiguration;
			baseConfigurationReference = AB91E909409F5FB4F1CEAB82 /* Pods-FlixTests.debug.xcconfig */;
			buildSettings = {
				ALWAYS_EMBED_SWIFT_STANDARD_LIBRARIES = YES;
				BUNDLE_LOADER = "$(TEST_HOST)";
				CODE_SIGN_STYLE = Automatic;
				CURRENT_PROJECT_VERSION = 1;
				GENERATE_INFOPLIST_FILE = YES;
				IPHONEOS_DEPLOYMENT_TARGET = 15.2;
				MARKETING_VERSION = 1.0;
				PRODUCT_BUNDLE_IDENTIFIER = memo.com.FlixTests;
				PRODUCT_NAME = "$(TARGET_NAME)";
				SWIFT_EMIT_LOC_STRINGS = NO;
				SWIFT_VERSION = 5.0;
				TARGETED_DEVICE_FAMILY = "1,2";
				TEST_HOST = "$(BUILT_PRODUCTS_DIR)/Flix.app/Flix";
			};
			name = Debug;
		};
		D4DF8B7B27B4451100A3790B /* Release */ = {
			isa = XCBuildConfiguration;
			baseConfigurationReference = B9740AA1BA0D5646AF6997B6 /* Pods-FlixTests.release.xcconfig */;
			buildSettings = {
				ALWAYS_EMBED_SWIFT_STANDARD_LIBRARIES = YES;
				BUNDLE_LOADER = "$(TEST_HOST)";
				CODE_SIGN_STYLE = Automatic;
				CURRENT_PROJECT_VERSION = 1;
				GENERATE_INFOPLIST_FILE = YES;
				IPHONEOS_DEPLOYMENT_TARGET = 15.2;
				MARKETING_VERSION = 1.0;
				PRODUCT_BUNDLE_IDENTIFIER = memo.com.FlixTests;
				PRODUCT_NAME = "$(TARGET_NAME)";
				SWIFT_EMIT_LOC_STRINGS = NO;
				SWIFT_VERSION = 5.0;
				TARGETED_DEVICE_FAMILY = "1,2";
				TEST_HOST = "$(BUILT_PRODUCTS_DIR)/Flix.app/Flix";
			};
			name = Release;
		};
		D4DF8B7D27B4451100A3790B /* Debug */ = {
			isa = XCBuildConfiguration;
			baseConfigurationReference = 9CA23188162E41E08A4A8D3A /* Pods-Flix-FlixUITests.debug.xcconfig */;
			buildSettings = {
				ALWAYS_EMBED_SWIFT_STANDARD_LIBRARIES = YES;
				CODE_SIGN_STYLE = Automatic;
				CURRENT_PROJECT_VERSION = 1;
				GENERATE_INFOPLIST_FILE = YES;
				MARKETING_VERSION = 1.0;
				PRODUCT_BUNDLE_IDENTIFIER = memo.com.FlixUITests;
				PRODUCT_NAME = "$(TARGET_NAME)";
				SWIFT_EMIT_LOC_STRINGS = NO;
				SWIFT_VERSION = 5.0;
				TARGETED_DEVICE_FAMILY = "1,2";
				TEST_TARGET_NAME = Flix;
			};
			name = Debug;
		};
		D4DF8B7E27B4451100A3790B /* Release */ = {
			isa = XCBuildConfiguration;
			baseConfigurationReference = 6EA2BD8F1CF6D559E25B8EBE /* Pods-Flix-FlixUITests.release.xcconfig */;
			buildSettings = {
				ALWAYS_EMBED_SWIFT_STANDARD_LIBRARIES = YES;
				CODE_SIGN_STYLE = Automatic;
				CURRENT_PROJECT_VERSION = 1;
				GENERATE_INFOPLIST_FILE = YES;
				MARKETING_VERSION = 1.0;
				PRODUCT_BUNDLE_IDENTIFIER = memo.com.FlixUITests;
				PRODUCT_NAME = "$(TARGET_NAME)";
				SWIFT_EMIT_LOC_STRINGS = NO;
				SWIFT_VERSION = 5.0;
				TARGETED_DEVICE_FAMILY = "1,2";
				TEST_TARGET_NAME = Flix;
			};
			name = Release;
		};
/* End XCBuildConfiguration section */

/* Begin XCConfigurationList section */
		D4DF8B4727B4450D00A3790B /* Build configuration list for PBXProject "Flix" */ = {
			isa = XCConfigurationList;
			buildConfigurations = (
				D4DF8B7427B4451100A3790B /* Debug */,
				D4DF8B7527B4451100A3790B /* Release */,
			);
			defaultConfigurationIsVisible = 0;
			defaultConfigurationName = Release;
		};
		D4DF8B7627B4451100A3790B /* Build configuration list for PBXNativeTarget "Flix" */ = {
			isa = XCConfigurationList;
			buildConfigurations = (
				D4DF8B7727B4451100A3790B /* Debug */,
				D4DF8B7827B4451100A3790B /* Release */,
			);
			defaultConfigurationIsVisible = 0;
			defaultConfigurationName = Release;
		};
		D4DF8B7927B4451100A3790B /* Build configuration list for PBXNativeTarget "FlixTests" */ = {
			isa = XCConfigurationList;
			buildConfigurations = (
				D4DF8B7A27B4451100A3790B /* Debug */,
				D4DF8B7B27B4451100A3790B /* Release */,
			);
			defaultConfigurationIsVisible = 0;
			defaultConfigurationName = Release;
		};
		D4DF8B7C27B4451100A3790B /* Build configuration list for PBXNativeTarget "FlixUITests" */ = {
			isa = XCConfigurationList;
			buildConfigurations = (
				D4DF8B7D27B4451100A3790B /* Debug */,
				D4DF8B7E27B4451100A3790B /* Release */,
			);
			defaultConfigurationIsVisible = 0;
			defaultConfigurationName = Release;
		};
/* End XCConfigurationList section */

/* Begin XCRemoteSwiftPackageReference section */
		D4DF8B8327B4C24E00A3790B /* XCRemoteSwiftPackageReference "AlamofireImage" */ = {
			isa = XCRemoteSwiftPackageReference;
			repositoryURL = "https://github.com/Alamofire/AlamofireImage";
			requirement = {
				kind = upToNextMajorVersion;
				minimumVersion = 4.0.0;
			};
		};
/* End XCRemoteSwiftPackageReference section */

/* Begin XCSwiftPackageProductDependency section */
		D4DF8B8427B4C24E00A3790B /* AlamofireImage */ = {
			isa = XCSwiftPackageProductDependency;
			package = D4DF8B8327B4C24E00A3790B /* XCRemoteSwiftPackageReference "AlamofireImage" */;
			productName = AlamofireImage;
		};
/* End XCSwiftPackageProductDependency section */
	};
	rootObject = D4DF8B4427B4450D00A3790B /* Project object */;
}
